// !$*UTF8*$!
{
	archiveVersion = 1;
	classes = {
	};
	objectVersion = 50;
	objects = {

/* Begin PBXBuildFile section */
		FD5E7D1824DE8F4B0077C9F3 /* AppDelegate.swift in Sources */ = {isa = PBXBuildFile; fileRef = FD5E7D1724DE8F4B0077C9F3 /* AppDelegate.swift */; };
		FD5E7D1A24DE8F4B0077C9F3 /* SceneDelegate.swift in Sources */ = {isa = PBXBuildFile; fileRef = FD5E7D1924DE8F4B0077C9F3 /* SceneDelegate.swift */; };
		FD5E7D1C24DE8F4B0077C9F3 /* ViewController.swift in Sources */ = {isa = PBXBuildFile; fileRef = FD5E7D1B24DE8F4B0077C9F3 /* ViewController.swift */; };
		FD5E7D1F24DE8F4B0077C9F3 /* Main.storyboard in Resources */ = {isa = PBXBuildFile; fileRef = FD5E7D1D24DE8F4B0077C9F3 /* Main.storyboard */; };
		FD5E7D2224DE8F4B0077C9F3 /* TestMessage.xcdatamodeld in Sources */ = {isa = PBXBuildFile; fileRef = FD5E7D2024DE8F4B0077C9F3 /* TestMessage.xcdatamodeld */; };
		FD5E7D2424DE8F500077C9F3 /* Assets.xcassets in Resources */ = {isa = PBXBuildFile; fileRef = FD5E7D2324DE8F500077C9F3 /* Assets.xcassets */; };
		FD5E7D2724DE8F500077C9F3 /* LaunchScreen.storyboard in Resources */ = {isa = PBXBuildFile; fileRef = FD5E7D2524DE8F500077C9F3 /* LaunchScreen.storyboard */; };
		FD5E7D3224DE8F500077C9F3 /* TestMessageTests.swift in Sources */ = {isa = PBXBuildFile; fileRef = FD5E7D3124DE8F500077C9F3 /* TestMessageTests.swift */; };
/* End PBXBuildFile section */

/* Begin PBXContainerItemProxy section */
		FD5E7D2E24DE8F500077C9F3 /* PBXContainerItemProxy */ = {
			isa = PBXContainerItemProxy;
			containerPortal = FD5E7D0C24DE8F4B0077C9F3 /* Project object */;
			proxyType = 1;
			remoteGlobalIDString = FD5E7D1324DE8F4B0077C9F3;
			remoteInfo = TestMessage;
		};
/* End PBXContainerItemProxy section */

/* Begin PBXFileReference section */
		FD5E7D1424DE8F4B0077C9F3 /* TestMessage.app */ = {isa = PBXFileReference; explicitFileType = wrapper.application; includeInIndex = 0; path = TestMessage.app; sourceTree = BUILT_PRODUCTS_DIR; };
		FD5E7D1724DE8F4B0077C9F3 /* AppDelegate.swift */ = {isa = PBXFileReference; lastKnownFileType = sourcecode.swift; path = AppDelegate.swift; sourceTree = "<group>"; };
		FD5E7D1924DE8F4B0077C9F3 /* SceneDelegate.swift */ = {isa = PBXFileReference; lastKnownFileType = sourcecode.swift; path = SceneDelegate.swift; sourceTree = "<group>"; };
		FD5E7D1B24DE8F4B0077C9F3 /* ViewController.swift */ = {isa = PBXFileReference; lastKnownFileType = sourcecode.swift; path = ViewController.swift; sourceTree = "<group>"; };
		FD5E7D1E24DE8F4B0077C9F3 /* Base */ = {isa = PBXFileReference; lastKnownFileType = file.storyboard; name = Base; path = Base.lproj/Main.storyboard; sourceTree = "<group>"; };
		FD5E7D2124DE8F4B0077C9F3 /* TestMessage.xcdatamodel */ = {isa = PBXFileReference; lastKnownFileType = wrapper.xcdatamodel; path = TestMessage.xcdatamodel; sourceTree = "<group>"; };
		FD5E7D2324DE8F500077C9F3 /* Assets.xcassets */ = {isa = PBXFileReference; lastKnownFileType = folder.assetcatalog; path = Assets.xcassets; sourceTree = "<group>"; };
		FD5E7D2624DE8F500077C9F3 /* Base */ = {isa = PBXFileReference; lastKnownFileType = file.storyboard; name = Base; path = Base.lproj/LaunchScreen.storyboard; sourceTree = "<group>"; };
		FD5E7D2824DE8F500077C9F3 /* Info.plist */ = {isa = PBXFileReference; lastKnownFileType = text.plist.xml; path = Info.plist; sourceTree = "<group>"; };
		FD5E7D2D24DE8F500077C9F3 /* TestMessageTests.xctest */ = {isa = PBXFileReference; explicitFileType = wrapper.cfbundle; includeInIndex = 0; path = TestMessageTests.xctest; sourceTree = BUILT_PRODUCTS_DIR; };
		FD5E7D3124DE8F500077C9F3 /* TestMessageTests.swift */ = {isa = PBXFileReference; lastKnownFileType = sourcecode.swift; path = TestMessageTests.swift; sourceTree = "<group>"; };
		FD5E7D3324DE8F500077C9F3 /* Info.plist */ = {isa = PBXFileReference; lastKnownFileType = text.plist.xml; path = Info.plist; sourceTree = "<group>"; };
/* End PBXFileReference section */

/* Begin PBXFrameworksBuildPhase section */
		FD5E7D1124DE8F4B0077C9F3 /* Frameworks */ = {
			isa = PBXFrameworksBuildPhase;
			buildActionMask = 2147483647;
			files = (
			);
			runOnlyForDeploymentPostprocessing = 0;
		};
		FD5E7D2A24DE8F500077C9F3 /* Frameworks */ = {
			isa = PBXFrameworksBuildPhase;
			buildActionMask = 2147483647;
			files = (
			);
			runOnlyForDeploymentPostprocessing = 0;
		};
/* End PBXFrameworksBuildPhase section */

/* Begin PBXGroup section */
		FD5E7D0B24DE8F4B0077C9F3 = {
			isa = PBXGroup;
			children = (
				FD5E7D1624DE8F4B0077C9F3 /* TestMessage */,
				FD5E7D3024DE8F500077C9F3 /* TestMessageTests */,
				FD5E7D1524DE8F4B0077C9F3 /* Products */,
			);
			sourceTree = "<group>";
		};
		FD5E7D1524DE8F4B0077C9F3 /* Products */ = {
			isa = PBXGroup;
			children = (
				FD5E7D1424DE8F4B0077C9F3 /* TestMessage.app */,
				FD5E7D2D24DE8F500077C9F3 /* TestMessageTests.xctest */,
			);
			name = Products;
			sourceTree = "<group>";
		};
		FD5E7D1624DE8F4B0077C9F3 /* TestMessage */ = {
			isa = PBXGroup;
			children = (
				FD5E7D1724DE8F4B0077C9F3 /* AppDelegate.swift */,
				FD5E7D1924DE8F4B0077C9F3 /* SceneDelegate.swift */,
				FD5E7D1B24DE8F4B0077C9F3 /* ViewController.swift */,
				FD5E7D1D24DE8F4B0077C9F3 /* Main.storyboard */,
				FD5E7D2324DE8F500077C9F3 /* Assets.xcassets */,
				FD5E7D2524DE8F500077C9F3 /* LaunchScreen.storyboard */,
				FD5E7D2824DE8F500077C9F3 /* Info.plist */,
				FD5E7D2024DE8F4B0077C9F3 /* TestMessage.xcdatamodeld */,
			);
			path = TestMessage;
			sourceTree = "<group>";
		};
		FD5E7D3024DE8F500077C9F3 /* TestMessageTests */ = {
			isa = PBXGroup;
			children = (
				FD5E7D3124DE8F500077C9F3 /* TestMessageTests.swift */,
				FD5E7D3324DE8F500077C9F3 /* Info.plist */,
			);
			path = TestMessageTests;
			sourceTree = "<group>";
		};
/* End PBXGroup section */

/* Begin PBXNativeTarget section */
		FD5E7D1324DE8F4B0077C9F3 /* TestMessage */ = {
			isa = PBXNativeTarget;
			buildConfigurationList = FD5E7D3624DE8F500077C9F3 /* Build configuration list for PBXNativeTarget "TestMessage" */;
			buildPhases = (
				FD5E7D1024DE8F4B0077C9F3 /* Sources */,
				FD5E7D1124DE8F4B0077C9F3 /* Frameworks */,
				FD5E7D1224DE8F4B0077C9F3 /* Resources */,
			);
			buildRules = (
			);
			dependencies = (
			);
			name = TestMessage;
			productName = TestMessage;
			productReference = FD5E7D1424DE8F4B0077C9F3 /* TestMessage.app */;
			productType = "com.apple.product-type.application";
		};
		FD5E7D2C24DE8F500077C9F3 /* TestMessageTests */ = {
			isa = PBXNativeTarget;
			buildConfigurationList = FD5E7D3924DE8F500077C9F3 /* Build configuration list for PBXNativeTarget "TestMessageTests" */;
			buildPhases = (
				FD5E7D2924DE8F500077C9F3 /* Sources */,
				FD5E7D2A24DE8F500077C9F3 /* Frameworks */,
				FD5E7D2B24DE8F500077C9F3 /* Resources */,
			);
			buildRules = (
			);
			dependencies = (
				FD5E7D2F24DE8F500077C9F3 /* PBXTargetDependency */,
			);
			name = TestMessageTests;
			productName = TestMessageTests;
			productReference = FD5E7D2D24DE8F500077C9F3 /* TestMessageTests.xctest */;
			productType = "com.apple.product-type.bundle.unit-test";
		};
/* End PBXNativeTarget section */

/* Begin PBXProject section */
		FD5E7D0C24DE8F4B0077C9F3 /* Project object */ = {
			isa = PBXProject;
			attributes = {
				LastSwiftUpdateCheck = 1130;
				LastUpgradeCheck = 1130;
				ORGANIZATIONNAME = "Rolodestar Studio";
				TargetAttributes = {
					FD5E7D1324DE8F4B0077C9F3 = {
						CreatedOnToolsVersion = 11.3.1;
					};
					FD5E7D2C24DE8F500077C9F3 = {
						CreatedOnToolsVersion = 11.3.1;
						TestTargetID = FD5E7D1324DE8F4B0077C9F3;
					};
				};
			};
			buildConfigurationList = FD5E7D0F24DE8F4B0077C9F3 /* Build configuration list for PBXProject "TestMessage" */;
			compatibilityVersion = "Xcode 9.3";
			developmentRegion = en;
			hasScannedForEncodings = 0;
			knownRegions = (
				en,
				Base,
			);
			mainGroup = FD5E7D0B24DE8F4B0077C9F3;
			productRefGroup = FD5E7D1524DE8F4B0077C9F3 /* Products */;
			projectDirPath = "";
			projectRoot = "";
			targets = (
				FD5E7D1324DE8F4B0077C9F3 /* TestMessage */,
				FD5E7D2C24DE8F500077C9F3 /* TestMessageTests */,
			);
		};
/* End PBXProject section */

/* Begin PBXResourcesBuildPhase section */
		FD5E7D1224DE8F4B0077C9F3 /* Resources */ = {
			isa = PBXResourcesBuildPhase;
			buildActionMask = 2147483647;
			files = (
				FD5E7D2724DE8F500077C9F3 /* LaunchScreen.storyboard in Resources */,
				FD5E7D2424DE8F500077C9F3 /* Assets.xcassets in Resources */,
				FD5E7D1F24DE8F4B0077C9F3 /* Main.storyboard in Resources */,
			);
			runOnlyForDeploymentPostprocessing = 0;
		};
		FD5E7D2B24DE8F500077C9F3 /* Resources */ = {
			isa = PBXResourcesBuildPhase;
			buildActionMask = 2147483647;
			files = (
			);
			runOnlyForDeploymentPostprocessing = 0;
		};
/* End PBXResourcesBuildPhase section */

/* Begin PBXSourcesBuildPhase section */
		FD5E7D1024DE8F4B0077C9F3 /* Sources */ = {
			isa = PBXSourcesBuildPhase;
			buildActionMask = 2147483647;
			files = (
				FD5E7D1C24DE8F4B0077C9F3 /* ViewController.swift in Sources */,
				FD5E7D2224DE8F4B0077C9F3 /* TestMessage.xcdatamodeld in Sources */,
				FD5E7D1824DE8F4B0077C9F3 /* AppDelegate.swift in Sources */,
				FD5E7D1A24DE8F4B0077C9F3 /* SceneDelegate.swift in Sources */,
			);
			runOnlyForDeploymentPostprocessing = 0;
		};
		FD5E7D2924DE8F500077C9F3 /* Sources */ = {
			isa = PBXSourcesBuildPhase;
			buildActionMask = 2147483647;
			files = (
				FD5E7D3224DE8F500077C9F3 /* TestMessageTests.swift in Sources */,
			);
			runOnlyForDeploymentPostprocessing = 0;
		};
/* End PBXSourcesBuildPhase section */

/* Begin PBXTargetDependency section */
		FD5E7D2F24DE8F500077C9F3 /* PBXTargetDependency */ = {
			isa = PBXTargetDependency;
			target = FD5E7D1324DE8F4B0077C9F3 /* TestMessage */;
			targetProxy = FD5E7D2E24DE8F500077C9F3 /* PBXContainerItemProxy */;
		};
/* End PBXTargetDependency section */

/* Begin PBXVariantGroup section */
		FD5E7D1D24DE8F4B0077C9F3 /* Main.storyboard */ = {
			isa = PBXVariantGroup;
			children = (
				FD5E7D1E24DE8F4B0077C9F3 /* Base */,
			);
			name = Main.storyboard;
			sourceTree = "<group>";
		};
		FD5E7D2524DE8F500077C9F3 /* LaunchScreen.storyboard */ = {
			isa = PBXVariantGroup;
			children = (
				FD5E7D2624DE8F500077C9F3 /* Base */,
			);
			name = LaunchScreen.storyboard;
			sourceTree = "<group>";
		};
/* End PBXVariantGroup section */

/* Begin XCBuildConfiguration section */
		FD5E7D3424DE8F500077C9F3 /* Debug */ = {
			isa = XCBuildConfiguration;
			buildSettings = {
				ALWAYS_SEARCH_USER_PATHS = NO;
				CLANG_ANALYZER_NONNULL = YES;
				CLANG_ANALYZER_NUMBER_OBJECT_CONVERSION = YES_AGGRESSIVE;
				CLANG_CXX_LANGUAGE_STANDARD = "gnu++14";
				CLANG_CXX_LIBRARY = "libc++";
				CLANG_ENABLE_MODULES = YES;
				CLANG_ENABLE_OBJC_ARC = YES;
				CLANG_ENABLE_OBJC_WEAK = YES;
				CLANG_WARN_BLOCK_CAPTURE_AUTORELEASING = YES;
				CLANG_WARN_BOOL_CONVERSION = YES;
				CLANG_WARN_COMMA = YES;
				CLANG_WARN_CONSTANT_CONVERSION = YES;
				CLANG_WARN_DEPRECATED_OBJC_IMPLEMENTATIONS = YES;
				CLANG_WARN_DIRECT_OBJC_ISA_USAGE = YES_ERROR;
				CLANG_WARN_DOCUMENTATION_COMMENTS = YES;
				CLANG_WARN_EMPTY_BODY = YES;
				CLANG_WARN_ENUM_CONVERSION = YES;
				CLANG_WARN_INFINITE_RECURSION = YES;
				CLANG_WARN_INT_CONVERSION = YES;
				CLANG_WARN_NON_LITERAL_NULL_CONVERSION = YES;
				CLANG_WARN_OBJC_IMPLICIT_RETAIN_SELF = YES;
				CLANG_WARN_OBJC_LITERAL_CONVERSION = YES;
				CLANG_WARN_OBJC_ROOT_CLASS = YES_ERROR;
				CLANG_WARN_RANGE_LOOP_ANALYSIS = YES;
				CLANG_WARN_STRICT_PROTOTYPES = YES;
				CLANG_WARN_SUSPICIOUS_MOVE = YES;
				CLANG_WARN_UNGUARDED_AVAILABILITY = YES_AGGRESSIVE;
				CLANG_WARN_UNREACHABLE_CODE = YES;
				CLANG_WARN__DUPLICATE_METHOD_MATCH = YES;
				COPY_PHASE_STRIP = NO;
				DEBUG_INFORMATION_FORMAT = dwarf;
				ENABLE_STRICT_OBJC_MSGSEND = YES;
				ENABLE_TESTABILITY = YES;
				GCC_C_LANGUAGE_STANDARD = gnu11;
				GCC_DYNAMIC_NO_PIC = NO;
				GCC_NO_COMMON_BLOCKS = YES;
				GCC_OPTIMIZATION_LEVEL = 0;
				GCC_PREPROCESSOR_DEFINITIONS = (
					"DEBUG=1",
					"$(inherited)",
				);
				GCC_WARN_64_TO_32_BIT_CONVERSION = YES;
				GCC_WARN_ABOUT_RETURN_TYPE = YES_ERROR;
				GCC_WARN_UNDECLARED_SELECTOR = YES;
				GCC_WARN_UNINITIALIZED_AUTOS = YES_AGGRESSIVE;
				GCC_WARN_UNUSED_FUNCTION = YES;
				GCC_WARN_UNUSED_VARIABLE = YES;
				IPHONEOS_DEPLOYMENT_TARGET = 13.2;
				MTL_ENABLE_DEBUG_INFO = INCLUDE_SOURCE;
				MTL_FAST_MATH = YES;
				ONLY_ACTIVE_ARCH = YES;
				SDKROOT = iphoneos;
				SWIFT_ACTIVE_COMPILATION_CONDITIONS = DEBUG;
				SWIFT_OPTIMIZATION_LEVEL = "-Onone";
			};
			name = Debug;
		};
		FD5E7D3524DE8F500077C9F3 /* Release */ = {
			isa = XCBuildConfiguration;
			buildSettings = {
				ALWAYS_SEARCH_USER_PATHS = NO;
				CLANG_ANALYZER_NONNULL = YES;
				CLANG_ANALYZER_NUMBER_OBJECT_CONVERSION = YES_AGGRESSIVE;
				CLANG_CXX_LANGUAGE_STANDARD = "gnu++14";
				CLANG_CXX_LIBRARY = "libc++";
				CLANG_ENABLE_MODULES = YES;
				CLANG_ENABLE_OBJC_ARC = YES;
				CLANG_ENABLE_OBJC_WEAK = YES;
				CLANG_WARN_BLOCK_CAPTURE_AUTORELEASING = YES;
				CLANG_WARN_BOOL_CONVERSION = YES;
				CLANG_WARN_COMMA = YES;
				CLANG_WARN_CONSTANT_CONVERSION = YES;
				CLANG_WARN_DEPRECATED_OBJC_IMPLEMENTATIONS = YES;
				CLANG_WARN_DIRECT_OBJC_ISA_USAGE = YES_ERROR;
				CLANG_WARN_DOCUMENTATION_COMMENTS = YES;
				CLANG_WARN_EMPTY_BODY = YES;
				CLANG_WARN_ENUM_CONVERSION = YES;
				CLANG_WARN_INFINITE_RECURSION = YES;
				CLANG_WARN_INT_CONVERSION = YES;
				CLANG_WARN_NON_LITERAL_NULL_CONVERSION = YES;
				CLANG_WARN_OBJC_IMPLICIT_RETAIN_SELF = YES;
				CLANG_WARN_OBJC_LITERAL_CONVERSION = YES;
				CLANG_WARN_OBJC_ROOT_CLASS = YES_ERROR;
				CLANG_WARN_RANGE_LOOP_ANALYSIS = YES;
				CLANG_WARN_STRICT_PROTOTYPES = YES;
				CLANG_WARN_SUSPICIOUS_MOVE = YES;
				CLANG_WARN_UNGUARDED_AVAILABILITY = YES_AGGRESSIVE;
				CLANG_WARN_UNREACHABLE_CODE = YES;
				CLANG_WARN__DUPLICATE_METHOD_MATCH = YES;
				COPY_PHASE_STRIP = NO;
				DEBUG_INFORMATION_FORMAT = "dwarf-with-dsym";
				ENABLE_NS_ASSERTIONS = NO;
				ENABLE_STRICT_OBJC_MSGSEND = YES;
				GCC_C_LANGUAGE_STANDARD = gnu11;
				GCC_NO_COMMON_BLOCKS = YES;
				GCC_WARN_64_TO_32_BIT_CONVERSION = YES;
				GCC_WARN_ABOUT_RETURN_TYPE = YES_ERROR;
				GCC_WARN_UNDECLARED_SELECTOR = YES;
				GCC_WARN_UNINITIALIZED_AUTOS = YES_AGGRESSIVE;
				GCC_WARN_UNUSED_FUNCTION = YES;
				GCC_WARN_UNUSED_VARIABLE = YES;
				IPHONEOS_DEPLOYMENT_TARGET = 13.2;
				MTL_ENABLE_DEBUG_INFO = NO;
				MTL_FAST_MATH = YES;
				SDKROOT = iphoneos;
				SWIFT_COMPILATION_MODE = wholemodule;
				SWIFT_OPTIMIZATION_LEVEL = "-O";
				VALIDATE_PRODUCT = YES;
			};
			name = Release;
		};
		FD5E7D3724DE8F500077C9F3 /* Debug */ = {
			isa = XCBuildConfiguration;
			buildSettings = {
				ASSETCATALOG_COMPILER_APPICON_NAME = AppIcon;
				CODE_SIGN_STYLE = Automatic;
				DEVELOPMENT_TEAM = PHWH78T44A;
				INFOPLIST_FILE = TestMessage/Info.plist;
				LD_RUNPATH_SEARCH_PATHS = (
					"$(inherited)",
					"@executable_path/Frameworks",
				);
				PRODUCT_BUNDLE_IDENTIFIER = rolodestar.com.TestMessage;
				PRODUCT_NAME = "$(TARGET_NAME)";
				SWIFT_VERSION = 5.0;
				TARGETED_DEVICE_FAMILY = "1,2";
			};
			name = Debug;
		};
		FD5E7D3824DE8F500077C9F3 /* Release */ = {
			isa = XCBuildConfiguration;
			buildSettings = {
				ASSETCATALOG_COMPILER_APPICON_NAME = AppIcon;
				CODE_SIGN_STYLE = Automatic;
				DEVELOPMENT_TEAM = PHWH78T44A;
				INFOPLIST_FILE = TestMessage/Info.plist;
				LD_RUNPATH_SEARCH_PATHS = (
					"$(inherited)",
					"@executable_path/Frameworks",
				);
				PRODUCT_BUNDLE_IDENTIFIER = rolodestar.com.TestMessage;
				PRODUCT_NAME = "$(TARGET_NAME)";
				SWIFT_VERSION = 5.0;
				TARGETED_DEVICE_FAMILY = "1,2";
			};
			name = Release;
		};
		FD5E7D3A24DE8F500077C9F3 /* Debug */ = {
			isa = XCBuildConfiguration;
			buildSettings = {
				ALWAYS_EMBED_SWIFT_STANDARD_LIBRARIES = YES;
				BUNDLE_LOADER = "$(TEST_HOST)";
				CODE_SIGN_STYLE = Automatic;
				DEVELOPMENT_TEAM = PHWH78T44A;
				INFOPLIST_FILE = TestMessageTests/Info.plist;
				IPHONEOS_DEPLOYMENT_TARGET = 13.2;
				LD_RUNPATH_SEARCH_PATHS = (
					"$(inherited)",
					"@executable_path/Frameworks",
					"@loader_path/Frameworks",
				);
				PRODUCT_BUNDLE_IDENTIFIER = rolodestar.com.TestMessageTests;
				PRODUCT_NAME = "$(TARGET_NAME)";
				SWIFT_VERSION = 5.0;
				TARGETED_DEVICE_FAMILY = "1,2";
				TEST_HOST = "$(BUILT_PRODUCTS_DIR)/TestMessage.app/TestMessage";
			};
			name = Debug;
		};
		FD5E7D3B24DE8F500077C9F3 /* Release */ = {
			isa = XCBuildConfiguration;
			buildSettings = {
				ALWAYS_EMBED_SWIFT_STANDARD_LIBRARIES = YES;
				BUNDLE_LOADER = "$(TEST_HOST)";
				CODE_SIGN_STYLE = Automatic;
				DEVELOPMENT_TEAM = PHWH78T44A;
				INFOPLIST_FILE = TestMessageTests/Info.plist;
				IPHONEOS_DEPLOYMENT_TARGET = 13.2;
				LD_RUNPATH_SEARCH_PATHS = (
					"$(inherited)",
					"@executable_path/Frameworks",
					"@loader_path/Frameworks",
				);
				PRODUCT_BUNDLE_IDENTIFIER = rolodestar.com.TestMessageTests;
				PRODUCT_NAME = "$(TARGET_NAME)";
				SWIFT_VERSION = 5.0;
				TARGETED_DEVICE_FAMILY = "1,2";
				TEST_HOST = "$(BUILT_PRODUCTS_DIR)/TestMessage.app/TestMessage";
			};
			name = Release;
		};
/* End XCBuildConfiguration section */

/* Begin XCConfigurationList section */
		FD5E7D0F24DE8F4B0077C9F3 /* Build configuration list for PBXProject "TestMessage" */ = {
			isa = XCConfigurationList;
			buildConfigurations = (
				FD5E7D3424DE8F500077C9F3 /* Debug */,
				FD5E7D3524DE8F500077C9F3 /* Release */,
			);
			defaultConfigurationIsVisible = 0;
			defaultConfigurationName = Release;
		};
		FD5E7D3624DE8F500077C9F3 /* Build configuration list for PBXNativeTarget "TestMessage" */ = {
			isa = XCConfigurationList;
			buildConfigurations = (
				FD5E7D3724DE8F500077C9F3 /* Debug */,
				FD5E7D3824DE8F500077C9F3 /* Release */,
			);
			defaultConfigurationIsVisible = 0;
			defaultConfigurationName = Release;
		};
		FD5E7D3924DE8F500077C9F3 /* Build configuration list for PBXNativeTarget "TestMessageTests" */ = {
			isa = XCConfigurationList;
			buildConfigurations = (
				FD5E7D3A24DE8F500077C9F3 /* Debug */,
				FD5E7D3B24DE8F500077C9F3 /* Release */,
			);
			defaultConfigurationIsVisible = 0;
			defaultConfigurationName = Release;
		};
/* End XCConfigurationList section */

/* Begin XCVersionGroup section */
		FD5E7D2024DE8F4B0077C9F3 /* TestMessage.xcdatamodeld */ = {
			isa = XCVersionGroup;
			children = (
				FD5E7D2124DE8F4B0077C9F3 /* TestMessage.xcdatamodel */,
			);
			currentVersion = FD5E7D2124DE8F4B0077C9F3 /* TestMessage.xcdatamodel */;
			path = TestMessage.xcdatamodeld;
			sourceTree = "<group>";
			versionGroupType = wrapper.xcdatamodel;
		};
/* End XCVersionGroup section */
	};
	rootObject = FD5E7D0C24DE8F4B0077C9F3 /* Project object */;
}
